
Microsoft Visual Studio Solution File, Format Version 12.00
# Visual Studio Version 17
VisualStudioVersion = 17.3.32929.385
MinimumVisualStudioVersion = 10.0.40219.1
Project("{FAE04EC0-301F-11D3-BF4B-00C04F79EFBC}") = "opps concept", "opps concept\opps concept.csproj", "{C004F5B8-86B9-4152-9443-08DDB49D0F95}"
EndProject
Global
	GlobalSection(SolutionConfigurationPlatforms) = preSolution
		Debug|Any CPU = Debug|Any CPU
		Release|Any CPU = Release|Any CPU
	EndGlobalSection
	GlobalSection(ProjectConfigurationPlatforms) = postSolution
		{C004F5B8-86B9-4152-9443-08DDB49D0F95}.Debug|Any CPU.ActiveCfg = Debug|Any CPU
		{C004F5B8-86B9-4152-9443-08DDB49D0F95}.Debug|Any CPU.Build.0 = Debug|Any CPU
		{C004F5B8-86B9-4152-9443-08DDB49D0F95}.Release|Any CPU.ActiveCfg = Release|Any CPU
		{C004F5B8-86B9-4152-9443-08DDB49D0F95}.Release|Any CPU.Build.0 = Release|Any CPU
	EndGlobalSection
	GlobalSection(SolutionProperties) = preSolution
		HideSolutionNode = FALSE
	EndGlobalSection
	GlobalSection(ExtensibilityGlobals) = postSolution
		SolutionGuid = {1C8EC6D0-C063-4013-AC9A-542E67FB7135}
	EndGlobalSection
EndGlobal
